# Generated by buf. DO NOT EDIT.
version: v2
deps:
  - name: buf.build/bufbuild/protovalidate
    commit: 63bb56e204954558946a641ef0d68910
    digest: b5:ec5661b2855484eca2043fe61d27eb22673ab926ccd0e849531752eb17b08402fae1382705cee7f7b42d4d9ec56aff72bba7ec6835902cf6f86323c9ac682d16
  - name: buf.build/envoyproxy/protoc-gen-validate
    commit: daf171c6cdb54629b5f51e345a79e4dd
    digest: b5:c745e1521879f43740230b1df673d0729f55704efefdcfc489d4a0a2d40c92a26cacfeab62813403040a8b180142d53b398c7ca784a065e43823605ee49681de
  - name: buf.build/gnostic/gnostic
    commit: 087bc8072ce44e339f213209e4d57bf0
    digest: b5:c4eebcd04bc2fdd5dd0b8d695eb419682a650b600cdb56ff2ed61208a24603e0eb1b8ae0d467925c69a24bde6d322f3c4112bd2b8efdd682d8c3128384cdac9a
  - name: buf.build/googleapis/googleapis
    commit: 83c0f6c19b2f4ea0b0fd84a80e753659
    digest: b5:e9d077ad9d2eaa08a056108a15292a69548880d3a935781c498f2e591e60e531e49e1f5fc1d7356e5f989d3a8540e9885a02df18cb0cecc4ffa439fa4438a09e
  - name: buf.build/kratos/apis
    commit: c2de25f14fa445a79a054214f31d17a8
    digest: b5:3e4dac0d26ce9db17309aeb845f0efb38ec7db1af06ee3c6b8dce2f4f7f53f126d62233c4910410384ead7f0a0edb6448cb389e62d1e3da5e927c3a980828f0b
  - name: buf.build/protocolbuffers/wellknowntypes
    commit: d4f14e5e0a9c40889c90d373c74e95eb
    digest: b5:39b4d0887abcd8ee1594086283f4120f688e1c33ec9ccd554ab0362ad9ad482154d0e07e3787d394bb22970930b452aac1c5c105c05efe129cec299ff5b5e05e
